{
  "name": "todohandler",
  "version": "1.0.0",
  "lockfileVersion": 1,
  "requires": true,
  "dependencies": {
    "uuid": {
      "version": "3.4.0",
      "resolved": "https://olx.jfrog.io/olx/api/npm/nc-olxeu-new-jobs-virtual/uuid/-/uuid-3.4.0.tgz",
      "integrity": "sha1-sj5DWK+oogL+ehAK8fX4g/AgB+4="
    }
  }
}
